// !$*UTF8*$!
{
	archiveVersion = 1;
	classes = {
	};
	objectVersion = 46;
	objects = {

/* Begin PBXBuildFile section */
		C00724BA18874136001446A5 /* Foundation.framework in Frameworks */ = {isa = PBXBuildFile; fileRef = C00724B918874136001446A5 /* Foundation.framework */; };
		C00724BC18874136001446A5 /* CoreGraphics.framework in Frameworks */ = {isa = PBXBuildFile; fileRef = C00724BB18874136001446A5 /* CoreGraphics.framework */; };
		C00724BE18874136001446A5 /* UIKit.framework in Frameworks */ = {isa = PBXBuildFile; fileRef = C00724BD18874136001446A5 /* UIKit.framework */; };
		C00724C418874136001446A5 /* InfoPlist.strings in Resources */ = {isa = PBXBuildFile; fileRef = C00724C218874136001446A5 /* InfoPlist.strings */; };
		C00724C618874136001446A5 /* main.m in Sources */ = {isa = PBXBuildFile; fileRef = C00724C518874136001446A5 /* main.m */; };
		C00724CA18874136001446A5 /* AMAppDelegate.m in Sources */ = {isa = PBXBuildFile; fileRef = C00724C918874136001446A5 /* AMAppDelegate.m */; };
		C00724CD18874136001446A5 /* Main.storyboard in Resources */ = {isa = PBXBuildFile; fileRef = C00724CB18874136001446A5 /* Main.storyboard */; };
		C00724D018874136001446A5 /* AMViewController.m in Sources */ = {isa = PBXBuildFile; fileRef = C00724CF18874136001446A5 /* AMViewController.m */; };
		C00724D218874136001446A5 /* Images.xcassets in Resources */ = {isa = PBXBuildFile; fileRef = C00724D118874136001446A5 /* Images.xcassets */; };
		C00724D918874136001446A5 /* XCTest.framework in Frameworks */ = {isa = PBXBuildFile; fileRef = C00724D818874136001446A5 /* XCTest.framework */; };
		C00724DA18874136001446A5 /* Foundation.framework in Frameworks */ = {isa = PBXBuildFile; fileRef = C00724B918874136001446A5 /* Foundation.framework */; };
		C00724DB18874136001446A5 /* UIKit.framework in Frameworks */ = {isa = PBXBuildFile; fileRef = C00724BD18874136001446A5 /* UIKit.framework */; };
		C00724E318874136001446A5 /* InfoPlist.strings in Resources */ = {isa = PBXBuildFile; fileRef = C00724E118874136001446A5 /* InfoPlist.strings */; };
		C00724E518874136001446A5 /* AncientModesTests.m in Sources */ = {isa = PBXBuildFile; fileRef = C00724E418874136001446A5 /* AncientModesTests.m */; };
		C00724F01887534F001446A5 /* AMMode.m in Sources */ = {isa = PBXBuildFile; fileRef = C00724EF1887534F001446A5 /* AMMode.m */; };
		C0343BBA1895744B009F0934 /* AMEarTest.m in Sources */ = {isa = PBXBuildFile; fileRef = C0343BB91895744B009F0934 /* AMEarTest.m */; };
		C0343BBE189574B7009F0934 /* AMTestChallenge.m in Sources */ = {isa = PBXBuildFile; fileRef = C0343BBD189574B7009F0934 /* AMTestChallenge.m */; };
		C0343BC1189578C2009F0934 /* AMScale.m in Sources */ = {isa = PBXBuildFile; fileRef = C0343BC0189578C2009F0934 /* AMScale.m */; };
		C0480DA918A2ECD50085BC4D /* AMScalesManager.m in Sources */ = {isa = PBXBuildFile; fileRef = C0480DA818A2ECD50085BC4D /* AMScalesManager.m */; };
		C04A06AE189D6CD600E4A25F /* AMTestViewController.m in Sources */ = {isa = PBXBuildFile; fileRef = C04A06AD189D6CD600E4A25F /* AMTestViewController.m */; };
		C051CAC4189EC12A009BCBE8 /* NSMutableArray+Shuffling.m in Sources */ = {isa = PBXBuildFile; fileRef = C051CAC3189EC12A009BCBE8 /* NSMutableArray+Shuffling.m */; };
		C06892EA18A26FB800B860C2 /* CoreData.framework in Frameworks */ = {isa = PBXBuildFile; fileRef = C06892E918A26FB800B860C2 /* CoreData.framework */; };
		C06892EE18A2703400B860C2 /* AMAncientModesData.xcdatamodeld in Sources */ = {isa = PBXBuildFile; fileRef = C06892EC18A2703400B860C2 /* AMAncientModesData.xcdatamodeld */; };
		C0863E5F18A29F7800F7BA88 /* AMUtilities.m in Sources */ = {isa = PBXBuildFile; fileRef = C0863E5E18A29F7800F7BA88 /* AMUtilities.m */; };
		C0863E6218A29FD800F7BA88 /* AMDataManager.m in Sources */ = {isa = PBXBuildFile; fileRef = C0863E6118A29FD800F7BA88 /* AMDataManager.m */; };
		C0CFA2B4188AC3B000583812 /* AMScalesPlayer.m in Sources */ = {isa = PBXBuildFile; fileRef = C0CFA2B3188AC3B000583812 /* AMScalesPlayer.m */; };
		C0CFA2B6188AD25F00583812 /* Sounds in Resources */ = {isa = PBXBuildFile; fileRef = C0CFA2B5188AD25F00583812 /* Sounds */; };
		C0CFA2B9188AD27100583812 /* Piano.aupreset in Resources */ = {isa = PBXBuildFile; fileRef = C0CFA2B7188AD27100583812 /* Piano.aupreset */; };
		C0CFA2BA188AD27100583812 /* Vibraphone.aupreset in Resources */ = {isa = PBXBuildFile; fileRef = C0CFA2B8188AD27100583812 /* Vibraphone.aupreset */; };
		C0CFA2BC188AD42C00583812 /* Trombone.aupreset in Resources */ = {isa = PBXBuildFile; fileRef = C0CFA2BB188AD42C00583812 /* Trombone.aupreset */; };
/* End PBXBuildFile section */

/* Begin PBXContainerItemProxy section */
		C00724DC18874136001446A5 /* PBXContainerItemProxy */ = {
			isa = PBXContainerItemProxy;
			containerPortal = C00724AE18874135001446A5 /* Project object */;
			proxyType = 1;
			remoteGlobalIDString = C00724B518874136001446A5;
			remoteInfo = AncientModes;
		};
/* End PBXContainerItemProxy section */

/* Begin PBXFileReference section */
		C00724B918874136001446A5 /* Foundation.framework */ = {isa = PBXFileReference; lastKnownFileType = wrapper.framework; name = Foundation.framework; path = System/Library/Frameworks/Foundation.framework; sourceTree = SDKROOT; };
		C00724BB18874136001446A5 /* CoreGraphics.framework */ = {isa = PBXFileReference; lastKnownFileType = wrapper.framework; name = CoreGraphics.framework; path = System/Library/Frameworks/CoreGraphics.framework; sourceTree = SDKROOT; };
		C00724BD18874136001446A5 /* UIKit.framework */ = {isa = PBXFileReference; lastKnownFileType = wrapper.framework; name = UIKit.framework; path = System/Library/Frameworks/UIKit.framework; sourceTree = SDKROOT; };
		C00724C118874136001446A5 /* AncientModes-Info.plist */ = {isa = PBXFileReference; lastKnownFileType = text.plist.xml; path = "AncientModes-Info.plist"; sourceTree = "<group>"; };
		C00724C318874136001446A5 /* en */ = {isa = PBXFileReference; lastKnownFileType = text.plist.strings; name = en; path = en.lproj/InfoPlist.strings; sourceTree = "<group>"; };
		C00724C518874136001446A5 /* main.m */ = {isa = PBXFileReference; lastKnownFileType = sourcecode.c.objc; path = main.m; sourceTree = "<group>"; };
		C00724C718874136001446A5 /* AncientModes-Prefix.pch */ = {isa = PBXFileReference; lastKnownFileType = sourcecode.c.h; path = "AncientModes-Prefix.pch"; sourceTree = "<group>"; };
		C00724C818874136001446A5 /* AMAppDelegate.h */ = {isa = PBXFileReference; lastKnownFileType = sourcecode.c.h; path = AMAppDelegate.h; sourceTree = "<group>"; };
		C00724C918874136001446A5 /* AMAppDelegate.m */ = {isa = PBXFileReference; lastKnownFileType = sourcecode.c.objc; path = AMAppDelegate.m; sourceTree = "<group>"; };
		C00724CC18874136001446A5 /* Base */ = {isa = PBXFileReference; lastKnownFileType = file.storyboard; name = Base; path = Base.lproj/Main.storyboard; sourceTree = "<group>"; };
		C00724CE18874136001446A5 /* AMViewController.h */ = {isa = PBXFileReference; lastKnownFileType = sourcecode.c.h; path = AMViewController.h; sourceTree = "<group>"; };
		C00724CF18874136001446A5 /* AMViewController.m */ = {isa = PBXFileReference; lastKnownFileType = sourcecode.c.objc; path = AMViewController.m; sourceTree = "<group>"; };
		C00724D118874136001446A5 /* Images.xcassets */ = {isa = PBXFileReference; lastKnownFileType = folder.assetcatalog; path = Images.xcassets; sourceTree = "<group>"; };
		C00724D818874136001446A5 /* XCTest.framework */ = {isa = PBXFileReference; lastKnownFileType = wrapper.framework; name = XCTest.framework; path = Library/Frameworks/XCTest.framework; sourceTree = DEVELOPER_DIR; };
		C00724E018874136001446A5 /* AncientModesTests-Info.plist */ = {isa = PBXFileReference; lastKnownFileType = text.plist.xml; path = "AncientModesTests-Info.plist"; sourceTree = "<group>"; };
		C00724E218874136001446A5 /* en */ = {isa = PBXFileReference; lastKnownFileType = text.plist.strings; name = en; path = en.lproj/InfoPlist.strings; sourceTree = "<group>"; };
		C00724E418874136001446A5 /* AncientModesTests.m */ = {isa = PBXFileReference; lastKnownFileType = sourcecode.c.objc; path = AncientModesTests.m; sourceTree = "<group>"; };
		C00724EE1887534F001446A5 /* AMMode.h */ = {isa = PBXFileReference; fileEncoding = 4; lastKnownFileType = sourcecode.c.h; path = AMMode.h; sourceTree = "<group>"; };
		C00724EF1887534F001446A5 /* AMMode.m */ = {isa = PBXFileReference; fileEncoding = 4; lastKnownFileType = sourcecode.c.objc; path = AMMode.m; sourceTree = "<group>"; };
		C0343BB81895744B009F0934 /* AMEarTest.h */ = {isa = PBXFileReference; fileEncoding = 4; lastKnownFileType = sourcecode.c.h; path = AMEarTest.h; sourceTree = "<group>"; };
		C0343BB91895744B009F0934 /* AMEarTest.m */ = {isa = PBXFileReference; fileEncoding = 4; lastKnownFileType = sourcecode.c.objc; path = AMEarTest.m; sourceTree = "<group>"; };
		C0343BBC189574B7009F0934 /* AMTestChallenge.h */ = {isa = PBXFileReference; fileEncoding = 4; lastKnownFileType = sourcecode.c.h; path = AMTestChallenge.h; sourceTree = "<group>"; };
		C0343BBD189574B7009F0934 /* AMTestChallenge.m */ = {isa = PBXFileReference; fileEncoding = 4; lastKnownFileType = sourcecode.c.objc; path = AMTestChallenge.m; sourceTree = "<group>"; };
		C0343BBF189578C2009F0934 /* AMScale.h */ = {isa = PBXFileReference; fileEncoding = 4; lastKnownFileType = sourcecode.c.h; path = AMScale.h; sourceTree = "<group>"; };
		C0343BC0189578C2009F0934 /* AMScale.m */ = {isa = PBXFileReference; fileEncoding = 4; lastKnownFileType = sourcecode.c.objc; path = AMScale.m; sourceTree = "<group>"; };
		C0480DA718A2ECD50085BC4D /* AMScalesManager.h */ = {isa = PBXFileReference; fileEncoding = 4; lastKnownFileType = sourcecode.c.h; path = AMScalesManager.h; sourceTree = "<group>"; };
		C0480DA818A2ECD50085BC4D /* AMScalesManager.m */ = {isa = PBXFileReference; fileEncoding = 4; lastKnownFileType = sourcecode.c.objc; path = AMScalesManager.m; sourceTree = "<group>"; };
		C04A06AC189D6CD600E4A25F /* AMTestViewController.h */ = {isa = PBXFileReference; fileEncoding = 4; lastKnownFileType = sourcecode.c.h; path = AMTestViewController.h; sourceTree = "<group>"; };
		C04A06AD189D6CD600E4A25F /* AMTestViewController.m */ = {isa = PBXFileReference; fileEncoding = 4; lastKnownFileType = sourcecode.c.objc; path = AMTestViewController.m; sourceTree = "<group>"; };
		C051CAC2189EC12A009BCBE8 /* NSMutableArray+Shuffling.h */ = {isa = PBXFileReference; fileEncoding = 4; lastKnownFileType = sourcecode.c.h; path = "NSMutableArray+Shuffling.h"; sourceTree = "<group>"; };
		C051CAC3189EC12A009BCBE8 /* NSMutableArray+Shuffling.m */ = {isa = PBXFileReference; fileEncoding = 4; lastKnownFileType = sourcecode.c.objc; path = "NSMutableArray+Shuffling.m"; sourceTree = "<group>"; };
		C06892E918A26FB800B860C2 /* CoreData.framework */ = {isa = PBXFileReference; lastKnownFileType = wrapper.framework; name = CoreData.framework; path = System/Library/Frameworks/CoreData.framework; sourceTree = SDKROOT; };
		C06892ED18A2703400B860C2 /* AMAncientModesData.xcdatamodel */ = {isa = PBXFileReference; lastKnownFileType = wrapper.xcdatamodel; path = AMAncientModesData.xcdatamodel; sourceTree = "<group>"; };
		C0715B1218A13D610062038A /* AncientModes.app */ = {isa = PBXFileReference; explicitFileType = wrapper.application; includeInIndex = 0; path = AncientModes.app; sourceTree = BUILT_PRODUCTS_DIR; };
		C0715B1318A13D610062038A /* AncientModesTests.xctest */ = {isa = PBXFileReference; explicitFileType = wrapper.cfbundle; includeInIndex = 0; path = AncientModesTests.xctest; sourceTree = BUILT_PRODUCTS_DIR; };
		C0863E5D18A29F7800F7BA88 /* AMUtilities.h */ = {isa = PBXFileReference; fileEncoding = 4; lastKnownFileType = sourcecode.c.h; path = AMUtilities.h; sourceTree = "<group>"; };
		C0863E5E18A29F7800F7BA88 /* AMUtilities.m */ = {isa = PBXFileReference; fileEncoding = 4; lastKnownFileType = sourcecode.c.objc; path = AMUtilities.m; sourceTree = "<group>"; };
		C0863E6018A29FD800F7BA88 /* AMDataManager.h */ = {isa = PBXFileReference; fileEncoding = 4; lastKnownFileType = sourcecode.c.h; path = AMDataManager.h; sourceTree = "<group>"; };
		C0863E6118A29FD800F7BA88 /* AMDataManager.m */ = {isa = PBXFileReference; fileEncoding = 4; lastKnownFileType = sourcecode.c.objc; path = AMDataManager.m; sourceTree = "<group>"; };
		C0CFA2B2188AC3B000583812 /* AMScalesPlayer.h */ = {isa = PBXFileReference; fileEncoding = 4; lastKnownFileType = sourcecode.c.h; path = AMScalesPlayer.h; sourceTree = "<group>"; };
		C0CFA2B3188AC3B000583812 /* AMScalesPlayer.m */ = {isa = PBXFileReference; fileEncoding = 4; lastKnownFileType = sourcecode.c.objc; path = AMScalesPlayer.m; sourceTree = "<group>"; };
		C0CFA2B5188AD25F00583812 /* Sounds */ = {isa = PBXFileReference; lastKnownFileType = folder; path = Sounds; sourceTree = "<group>"; };
		C0CFA2B7188AD27100583812 /* Piano.aupreset */ = {isa = PBXFileReference; fileEncoding = 4; lastKnownFileType = text.xml; path = Piano.aupreset; sourceTree = "<group>"; };
		C0CFA2B8188AD27100583812 /* Vibraphone.aupreset */ = {isa = PBXFileReference; fileEncoding = 4; lastKnownFileType = text.xml; path = Vibraphone.aupreset; sourceTree = "<group>"; };
		C0CFA2BB188AD42C00583812 /* Trombone.aupreset */ = {isa = PBXFileReference; fileEncoding = 4; lastKnownFileType = text.xml; path = Trombone.aupreset; sourceTree = "<group>"; };
/* End PBXFileReference section */

/* Begin PBXFrameworksBuildPhase section */
		C00724B318874136001446A5 /* Frameworks */ = {
			isa = PBXFrameworksBuildPhase;
			buildActionMask = 2147483647;
			files = (
				C06892EA18A26FB800B860C2 /* CoreData.framework in Frameworks */,
				C00724BC18874136001446A5 /* CoreGraphics.framework in Frameworks */,
				C00724BE18874136001446A5 /* UIKit.framework in Frameworks */,
				C00724BA18874136001446A5 /* Foundation.framework in Frameworks */,
			);
			runOnlyForDeploymentPostprocessing = 0;
		};
		C00724D418874136001446A5 /* Frameworks */ = {
			isa = PBXFrameworksBuildPhase;
			buildActionMask = 2147483647;
			files = (
				C00724D918874136001446A5 /* XCTest.framework in Frameworks */,
				C00724DB18874136001446A5 /* UIKit.framework in Frameworks */,
				C00724DA18874136001446A5 /* Foundation.framework in Frameworks */,
			);
			runOnlyForDeploymentPostprocessing = 0;
		};
/* End PBXFrameworksBuildPhase section */

/* Begin PBXGroup section */
		C00724AD18874135001446A5 = {
			isa = PBXGroup;
			children = (
				C00724BF18874136001446A5 /* AncientModes */,
				C00724DE18874136001446A5 /* AncientModesTests */,
				C00724B818874136001446A5 /* Frameworks */,
				C0715B1418A13D6C0062038A /* Products */,
			);
			sourceTree = "<group>";
		};
		C00724B818874136001446A5 /* Frameworks */ = {
			isa = PBXGroup;
			children = (
				C06892E918A26FB800B860C2 /* CoreData.framework */,
				C00724B918874136001446A5 /* Foundation.framework */,
				C00724BB18874136001446A5 /* CoreGraphics.framework */,
				C00724BD18874136001446A5 /* UIKit.framework */,
				C00724D818874136001446A5 /* XCTest.framework */,
			);
			name = Frameworks;
			sourceTree = "<group>";
		};
		C00724BF18874136001446A5 /* AncientModes */ = {
			isa = PBXGroup;
			children = (
				C00724C818874136001446A5 /* AMAppDelegate.h */,
				C00724C918874136001446A5 /* AMAppDelegate.m */,
				C0863E5D18A29F7800F7BA88 /* AMUtilities.h */,
				C0863E5E18A29F7800F7BA88 /* AMUtilities.m */,
				C06892EB18A26FE500B860C2 /* DataAPI */,
				C00724F118875366001446A5 /* Model */,
				C0458FBD18A14979009A1958 /* View */,
				C0458FBC18A14921009A1958 /* Controller */,
				C00724D118874136001446A5 /* Images.xcassets */,
				C00724C018874136001446A5 /* Supporting Files */,
			);
			path = AncientModes;
			sourceTree = "<group>";
		};
		C00724C018874136001446A5 /* Supporting Files */ = {
			isa = PBXGroup;
			children = (
				C0CFA2B5188AD25F00583812 /* Sounds */,
				C0CFA2B7188AD27100583812 /* Piano.aupreset */,
				C0CFA2B8188AD27100583812 /* Vibraphone.aupreset */,
				C0CFA2BB188AD42C00583812 /* Trombone.aupreset */,
				C00724C118874136001446A5 /* AncientModes-Info.plist */,
				C00724C218874136001446A5 /* InfoPlist.strings */,
				C00724C518874136001446A5 /* main.m */,
				C00724C718874136001446A5 /* AncientModes-Prefix.pch */,
			);
			name = "Supporting Files";
			sourceTree = "<group>";
		};
		C00724DE18874136001446A5 /* AncientModesTests */ = {
			isa = PBXGroup;
			children = (
				C00724E418874136001446A5 /* AncientModesTests.m */,
				C00724DF18874136001446A5 /* Supporting Files */,
			);
			path = AncientModesTests;
			sourceTree = "<group>";
		};
		C00724DF18874136001446A5 /* Supporting Files */ = {
			isa = PBXGroup;
			children = (
				C00724E018874136001446A5 /* AncientModesTests-Info.plist */,
				C00724E118874136001446A5 /* InfoPlist.strings */,
			);
			name = "Supporting Files";
			sourceTree = "<group>";
		};
		C00724F118875366001446A5 /* Model */ = {
			isa = PBXGroup;
			children = (
				C00724EE1887534F001446A5 /* AMMode.h */,
				C00724EF1887534F001446A5 /* AMMode.m */,
				C0343BBF189578C2009F0934 /* AMScale.h */,
				C0343BC0189578C2009F0934 /* AMScale.m */,
				C0CFA2B2188AC3B000583812 /* AMScalesPlayer.h */,
				C0CFA2B3188AC3B000583812 /* AMScalesPlayer.m */,
				C0343BB81895744B009F0934 /* AMEarTest.h */,
				C0343BB91895744B009F0934 /* AMEarTest.m */,
				C0343BBC189574B7009F0934 /* AMTestChallenge.h */,
				C0343BBD189574B7009F0934 /* AMTestChallenge.m */,
				C051CAC5189EC1A2009BCBE8 /* Categories */,
			);
			name = Model;
			sourceTree = "<group>";
		};
		C0458FBC18A14921009A1958 /* Controller */ = {
			isa = PBXGroup;
			children = (
				C04A06AC189D6CD600E4A25F /* AMTestViewController.h */,
				C04A06AD189D6CD600E4A25F /* AMTestViewController.m */,
				C00724CE18874136001446A5 /* AMViewController.h */,
				C00724CF18874136001446A5 /* AMViewController.m */,
			);
			name = Controller;
			sourceTree = "<group>";
		};
		C0458FBD18A14979009A1958 /* View */ = {
			isa = PBXGroup;
			children = (
				C00724CB18874136001446A5 /* Main.storyboard */,
			);
			name = View;
			sourceTree = "<group>";
		};
		C051CAC5189EC1A2009BCBE8 /* Categories */ = {
			isa = PBXGroup;
			children = (
				C051CAC2189EC12A009BCBE8 /* NSMutableArray+Shuffling.h */,
				C051CAC3189EC12A009BCBE8 /* NSMutableArray+Shuffling.m */,
			);
			name = Categories;
			sourceTree = "<group>";
		};
		C06892EB18A26FE500B860C2 /* DataAPI */ = {
			isa = PBXGroup;
			children = (
				C06892EC18A2703400B860C2 /* AMAncientModesData.xcdatamodeld */,
				C0863E6018A29FD800F7BA88 /* AMDataManager.h */,
				C0863E6118A29FD800F7BA88 /* AMDataManager.m */,
				C0480DA718A2ECD50085BC4D /* AMScalesManager.h */,
				C0480DA818A2ECD50085BC4D /* AMScalesManager.m */,
			);
			name = DataAPI;
			path = ..;
			sourceTree = "<group>";
		};
		C0715B1418A13D6C0062038A /* Products */ = {
			isa = PBXGroup;
			children = (
				C0715B1218A13D610062038A /* AncientModes.app */,
				C0715B1318A13D610062038A /* AncientModesTests.xctest */,
			);
			name = Products;
			sourceTree = "<group>";
		};
/* End PBXGroup section */

/* Begin PBXNativeTarget section */
		C00724B518874136001446A5 /* AncientModes */ = {
			isa = PBXNativeTarget;
			buildConfigurationList = C00724E818874136001446A5 /* Build configuration list for PBXNativeTarget "AncientModes" */;
			buildPhases = (
				C00724B218874136001446A5 /* Sources */,
				C00724B318874136001446A5 /* Frameworks */,
				C00724B418874136001446A5 /* Resources */,
			);
			buildRules = (
			);
			dependencies = (
			);
			name = AncientModes;
			productName = AncientModes;
			productReference = C0715B1218A13D610062038A /* AncientModes.app */;
			productType = "com.apple.product-type.application";
		};
		C00724D618874136001446A5 /* AncientModesTests */ = {
			isa = PBXNativeTarget;
			buildConfigurationList = C00724EB18874136001446A5 /* Build configuration list for PBXNativeTarget "AncientModesTests" */;
			buildPhases = (
				C00724D318874136001446A5 /* Sources */,
				C00724D418874136001446A5 /* Frameworks */,
				C00724D518874136001446A5 /* Resources */,
			);
			buildRules = (
			);
			dependencies = (
				C00724DD18874136001446A5 /* PBXTargetDependency */,
			);
			name = AncientModesTests;
			productName = AncientModesTests;
			productReference = C0715B1318A13D610062038A /* AncientModesTests.xctest */;
			productType = "com.apple.product-type.bundle.unit-test";
		};
/* End PBXNativeTarget section */

/* Begin PBXProject section */
		C00724AE18874135001446A5 /* Project object */ = {
			isa = PBXProject;
			attributes = {
				CLASSPREFIX = AM;
				LastUpgradeCheck = 0500;
				ORGANIZATIONNAME = "Vladimir Mollov";
				TargetAttributes = {
					C00724D618874136001446A5 = {
						TestTargetID = C00724B518874136001446A5;
					};
				};
			};
			buildConfigurationList = C00724B118874135001446A5 /* Build configuration list for PBXProject "AncientModes" */;
			compatibilityVersion = "Xcode 3.2";
			developmentRegion = English;
			hasScannedForEncodings = 0;
			knownRegions = (
				en,
				Base,
			);
			mainGroup = C00724AD18874135001446A5;
			productRefGroup = C00724AD18874135001446A5;
			projectDirPath = "";
			projectRoot = "";
			targets = (
				C00724B518874136001446A5 /* AncientModes */,
				C00724D618874136001446A5 /* AncientModesTests */,
			);
		};
/* End PBXProject section */

/* Begin PBXResourcesBuildPhase section */
		C00724B418874136001446A5 /* Resources */ = {
			isa = PBXResourcesBuildPhase;
			buildActionMask = 2147483647;
			files = (
				C00724D218874136001446A5 /* Images.xcassets in Resources */,
				C0CFA2BC188AD42C00583812 /* Trombone.aupreset in Resources */,
				C00724C418874136001446A5 /* InfoPlist.strings in Resources */,
				C0CFA2B6188AD25F00583812 /* Sounds in Resources */,
				C00724CD18874136001446A5 /* Main.storyboard in Resources */,
				C0CFA2BA188AD27100583812 /* Vibraphone.aupreset in Resources */,
				C0CFA2B9188AD27100583812 /* Piano.aupreset in Resources */,
			);
			runOnlyForDeploymentPostprocessing = 0;
		};
		C00724D518874136001446A5 /* Resources */ = {
			isa = PBXResourcesBuildPhase;
			buildActionMask = 2147483647;
			files = (
				C00724E318874136001446A5 /* InfoPlist.strings in Resources */,
			);
			runOnlyForDeploymentPostprocessing = 0;
		};
/* End PBXResourcesBuildPhase section */

/* Begin PBXSourcesBuildPhase section */
		C00724B218874136001446A5 /* Sources */ = {
			isa = PBXSourcesBuildPhase;
			buildActionMask = 2147483647;
			files = (
				C0343BBA1895744B009F0934 /* AMEarTest.m in Sources */,
				C06892EE18A2703400B860C2 /* AMAncientModesData.xcdatamodeld in Sources */,
				C051CAC4189EC12A009BCBE8 /* NSMutableArray+Shuffling.m in Sources */,
				C0480DA918A2ECD50085BC4D /* AMScalesManager.m in Sources */,
				C0CFA2B4188AC3B000583812 /* AMScalesPlayer.m in Sources */,
				C00724CA18874136001446A5 /* AMAppDelegate.m in Sources */,
				C00724D018874136001446A5 /* AMViewController.m in Sources */,
				C0343BBE189574B7009F0934 /* AMTestChallenge.m in Sources */,
				C00724F01887534F001446A5 /* AMMode.m in Sources */,
				C0343BC1189578C2009F0934 /* AMScale.m in Sources */,
				C04A06AE189D6CD600E4A25F /* AMTestViewController.m in Sources */,
				C00724C618874136001446A5 /* main.m in Sources */,
				C0863E6218A29FD800F7BA88 /* AMDataManager.m in Sources */,
				C0863E5F18A29F7800F7BA88 /* AMUtilities.m in Sources */,
			);
			runOnlyForDeploymentPostprocessing = 0;
		};
		C00724D318874136001446A5 /* Sources */ = {
			isa = PBXSourcesBuildPhase;
			buildActionMask = 2147483647;
			files = (
				C00724E518874136001446A5 /* AncientModesTests.m in Sources */,
			);
			runOnlyForDeploymentPostprocessing = 0;
		};
/* End PBXSourcesBuildPhase section */

/* Begin PBXTargetDependency section */
		C00724DD18874136001446A5 /* PBXTargetDependency */ = {
			isa = PBXTargetDependency;
			target = C00724B518874136001446A5 /* AncientModes */;
			targetProxy = C00724DC18874136001446A5 /* PBXContainerItemProxy */;
		};
/* End PBXTargetDependency section */

/* Begin PBXVariantGroup section */
		C00724C218874136001446A5 /* InfoPlist.strings */ = {
			isa = PBXVariantGroup;
			children = (
				C00724C318874136001446A5 /* en */,
			);
			name = InfoPlist.strings;
			sourceTree = "<group>";
		};
		C00724CB18874136001446A5 /* Main.storyboard */ = {
			isa = PBXVariantGroup;
			children = (
				C00724CC18874136001446A5 /* Base */,
			);
			name = Main.storyboard;
			sourceTree = "<group>";
		};
		C00724E118874136001446A5 /* InfoPlist.strings */ = {
			isa = PBXVariantGroup;
			children = (
				C00724E218874136001446A5 /* en */,
			);
			name = InfoPlist.strings;
			sourceTree = "<group>";
		};
/* End PBXVariantGroup section */

/* Begin XCBuildConfiguration section */
		C00724E618874136001446A5 /* Debug */ = {
			isa = XCBuildConfiguration;
			buildSettings = {
				ALWAYS_SEARCH_USER_PATHS = NO;
				ARCHS = "$(ARCHS_STANDARD_INCLUDING_64_BIT)";
				CLANG_CXX_LANGUAGE_STANDARD = "gnu++0x";
				CLANG_CXX_LIBRARY = "libc++";
				CLANG_ENABLE_MODULES = YES;
				CLANG_ENABLE_OBJC_ARC = YES;
				CLANG_WARN_BOOL_CONVERSION = YES;
				CLANG_WARN_CONSTANT_CONVERSION = YES;
				CLANG_WARN_DIRECT_OBJC_ISA_USAGE = YES_ERROR;
				CLANG_WARN_EMPTY_BODY = YES;
				CLANG_WARN_ENUM_CONVERSION = YES;
				CLANG_WARN_INT_CONVERSION = YES;
				CLANG_WARN_OBJC_ROOT_CLASS = YES_ERROR;
				CLANG_WARN__DUPLICATE_METHOD_MATCH = YES;
				"CODE_SIGN_IDENTITY[sdk=iphoneos*]" = "iPhone Developer";
				COPY_PHASE_STRIP = NO;
				GCC_C_LANGUAGE_STANDARD = gnu99;
				GCC_DYNAMIC_NO_PIC = NO;
				GCC_OPTIMIZATION_LEVEL = 0;
				GCC_PREPROCESSOR_DEFINITIONS = (
					"DEBUG=1",
					"$(inherited)",
				);
				GCC_SYMBOLS_PRIVATE_EXTERN = NO;
				GCC_WARN_64_TO_32_BIT_CONVERSION = YES;
				GCC_WARN_ABOUT_RETURN_TYPE = YES_ERROR;
				GCC_WARN_UNDECLARED_SELECTOR = YES;
				GCC_WARN_UNINITIALIZED_AUTOS = YES;
				GCC_WARN_UNUSED_FUNCTION = YES;
				GCC_WARN_UNUSED_VARIABLE = YES;
				IPHONEOS_DEPLOYMENT_TARGET = 7.0;
				ONLY_ACTIVE_ARCH = YES;
				SDKROOT = iphoneos;
			};
			name = Debug;
		};
		C00724E718874136001446A5 /* Release */ = {
			isa = XCBuildConfiguration;
			buildSettings = {
				ALWAYS_SEARCH_USER_PATHS = NO;
				ARCHS = "$(ARCHS_STANDARD_INCLUDING_64_BIT)";
				CLANG_CXX_LANGUAGE_STANDARD = "gnu++0x";
				CLANG_CXX_LIBRARY = "libc++";
				CLANG_ENABLE_MODULES = YES;
				CLANG_ENABLE_OBJC_ARC = YES;
				CLANG_WARN_BOOL_CONVERSION = YES;
				CLANG_WARN_CONSTANT_CONVERSION = YES;
				CLANG_WARN_DIRECT_OBJC_ISA_USAGE = YES_ERROR;
				CLANG_WARN_EMPTY_BODY = YES;
				CLANG_WARN_ENUM_CONVERSION = YES;
				CLANG_WARN_INT_CONVERSION = YES;
				CLANG_WARN_OBJC_ROOT_CLASS = YES_ERROR;
				CLANG_WARN__DUPLICATE_METHOD_MATCH = YES;
				"CODE_SIGN_IDENTITY[sdk=iphoneos*]" = "iPhone Developer";
				COPY_PHASE_STRIP = YES;
				ENABLE_NS_ASSERTIONS = NO;
				GCC_C_LANGUAGE_STANDARD = gnu99;
				GCC_WARN_64_TO_32_BIT_CONVERSION = YES;
				GCC_WARN_ABOUT_RETURN_TYPE = YES_ERROR;
				GCC_WARN_UNDECLARED_SELECTOR = YES;
				GCC_WARN_UNINITIALIZED_AUTOS = YES;
				GCC_WARN_UNUSED_FUNCTION = YES;
				GCC_WARN_UNUSED_VARIABLE = YES;
				IPHONEOS_DEPLOYMENT_TARGET = 7.0;
				SDKROOT = iphoneos;
				VALIDATE_PRODUCT = YES;
			};
			name = Release;
		};
		C00724E918874136001446A5 /* Debug */ = {
			isa = XCBuildConfiguration;
			buildSettings = {
				ASSETCATALOG_COMPILER_APPICON_NAME = AppIcon;
				ASSETCATALOG_COMPILER_LAUNCHIMAGE_NAME = LaunchImage;
				GCC_PRECOMPILE_PREFIX_HEADER = YES;
				GCC_PREFIX_HEADER = "AncientModes/AncientModes-Prefix.pch";
				INFOPLIST_FILE = "AncientModes/AncientModes-Info.plist";
				PRODUCT_NAME = "$(TARGET_NAME)";
				WRAPPER_EXTENSION = app;
			};
			name = Debug;
		};
		C00724EA18874136001446A5 /* Release */ = {
			isa = XCBuildConfiguration;
			buildSettings = {
				ASSETCATALOG_COMPILER_APPICON_NAME = AppIcon;
				ASSETCATALOG_COMPILER_LAUNCHIMAGE_NAME = LaunchImage;
				GCC_PRECOMPILE_PREFIX_HEADER = YES;
				GCC_PREFIX_HEADER = "AncientModes/AncientModes-Prefix.pch";
				INFOPLIST_FILE = "AncientModes/AncientModes-Info.plist";
				PRODUCT_NAME = "$(TARGET_NAME)";
				WRAPPER_EXTENSION = app;
			};
			name = Release;
		};
		C00724EC18874136001446A5 /* Debug */ = {
			isa = XCBuildConfiguration;
			buildSettings = {
				ARCHS = "$(ARCHS_STANDARD_INCLUDING_64_BIT)";
				BUNDLE_LOADER = "$(BUILT_PRODUCTS_DIR)/AncientModes.app/AncientModes";
				FRAMEWORK_SEARCH_PATHS = (
					"$(SDKROOT)/Developer/Library/Frameworks",
					"$(inherited)",
					"$(DEVELOPER_FRAMEWORKS_DIR)",
				);
				GCC_PRECOMPILE_PREFIX_HEADER = YES;
				GCC_PREFIX_HEADER = "AncientModes/AncientModes-Prefix.pch";
				GCC_PREPROCESSOR_DEFINITIONS = (
					"DEBUG=1",
					"$(inherited)",
				);
				INFOPLIST_FILE = "AncientModesTests/AncientModesTests-Info.plist";
				PRODUCT_NAME = "$(TARGET_NAME)";
				TEST_HOST = "$(BUNDLE_LOADER)";
				WRAPPER_EXTENSION = xctest;
			};
			name = Debug;
		};
		C00724ED18874136001446A5 /* Release */ = {
			isa = XCBuildConfiguration;
			buildSettings = {
				ARCHS = "$(ARCHS_STANDARD_INCLUDING_64_BIT)";
				BUNDLE_LOADER = "$(BUILT_PRODUCTS_DIR)/AncientModes.app/AncientModes";
				FRAMEWORK_SEARCH_PATHS = (
					"$(SDKROOT)/Developer/Library/Frameworks",
					"$(inherited)",
					"$(DEVELOPER_FRAMEWORKS_DIR)",
				);
				GCC_PRECOMPILE_PREFIX_HEADER = YES;
				GCC_PREFIX_HEADER = "AncientModes/AncientModes-Prefix.pch";
				INFOPLIST_FILE = "AncientModesTests/AncientModesTests-Info.plist";
				PRODUCT_NAME = "$(TARGET_NAME)";
				TEST_HOST = "$(BUNDLE_LOADER)";
				WRAPPER_EXTENSION = xctest;
			};
			name = Release;
		};
/* End XCBuildConfiguration section */

/* Begin XCConfigurationList section */
		C00724B118874135001446A5 /* Build configuration list for PBXProject "AncientModes" */ = {
			isa = XCConfigurationList;
			buildConfigurations = (
				C00724E618874136001446A5 /* Debug */,
				C00724E718874136001446A5 /* Release */,
			);
			defaultConfigurationIsVisible = 0;
			defaultConfigurationName = Release;
		};
		C00724E818874136001446A5 /* Build configuration list for PBXNativeTarget "AncientModes" */ = {
			isa = XCConfigurationList;
			buildConfigurations = (
				C00724E918874136001446A5 /* Debug */,
				C00724EA18874136001446A5 /* Release */,
			);
			defaultConfigurationIsVisible = 0;
			defaultConfigurationName = Release;
		};
		C00724EB18874136001446A5 /* Build configuration list for PBXNativeTarget "AncientModesTests" */ = {
			isa = XCConfigurationList;
			buildConfigurations = (
				C00724EC18874136001446A5 /* Debug */,
				C00724ED18874136001446A5 /* Release */,
			);
			defaultConfigurationIsVisible = 0;
			defaultConfigurationName = Release;
		};
/* End XCConfigurationList section */

/* Begin XCVersionGroup section */
		C06892EC18A2703400B860C2 /* AMAncientModesData.xcdatamodeld */ = {
			isa = XCVersionGroup;
			children = (
				C06892ED18A2703400B860C2 /* AMAncientModesData.xcdatamodel */,
			);
			currentVersion = C06892ED18A2703400B860C2 /* AMAncientModesData.xcdatamodel */;
			path = AMAncientModesData.xcdatamodeld;
			sourceTree = "<group>";
			versionGroupType = wrapper.xcdatamodel;
		};
/* End XCVersionGroup section */
	};
	rootObject = C00724AE18874135001446A5 /* Project object */;
}
